{
  "name": "@dokit/web",
  "version": "0.0.3-alpha.3",
  "lockfileVersion": 1,
  "requires": true,
  "dependencies": {
    "@dokit/web-core": {
      "version": "0.0.1",
      "resolved": "http://registry.npm.xiaojukeji.com/@dokit/web-core/download/@dokit/web-core-0.0.1.tgz",
      "integrity": "sha1-j7nbrKT4mgZHgLnozQs4Au5hH0o=",
      "requires": {
        "@dokit/web-utils": "^0.0.1"
      }
    },
    "@dokit/web-utils": {
      "version": "0.0.1",
      "resolved": "http://registry.npm.xiaojukeji.com/@dokit/web-utils/download/@dokit/web-utils-0.0.1.tgz",
      "integrity": "sha1-wr/rh8Ki7vtjMbEdIqyhWUw6xLA="
    },
    "mutation-observer": {
      "version": "1.0.3",
      "resolved": "http://registry.npm.xiaojukeji.com/mutation-observer/download/mutation-observer-1.0.3.tgz",
      "integrity": "sha1-QukiKxAbyoLlup1aes9KFMDyY9A="
    },
    "web-vitals": {
      "version": "2.1.2",
      "resolved": "http://registry.npm.xiaojukeji.com/web-vitals/download/web-vitals-2.1.2.tgz",
      "integrity": "sha1-OmyPrr+Ql6bM0X9fRclIXY1i2rE="
    }
  }
}
