{
  "name": "@dokit/web",
  "version": "0.0.3-alpha.4",
  "lockfileVersion": 2,
  "requires": true,
  "packages": {
    "": {
      "name": "@dokit/web",
      "version": "0.0.3-alpha.4",
      "license": "ISC",
      "dependencies": {
        "@dokit/web-core": "^0.0.3-alpha.3",
        "@dokit/web-utils": "^0.0.1",
        "jsqr": "^1.4.0",
        "mutation-observer": "^1.0.3",
        "web-vitals": "^2.1.2"
      }
    },
    "node_modules/@dokit/web-core": {
      "version": "0.0.3-alpha.3",
      "resolved": "http://registry.npm.xiaojukeji.com/@dokit/web-core/download/@dokit/web-core-0.0.3-alpha.3.tgz",
      "integrity": "sha1-ei2xboaGXJmCXdNpWSjpaNwVAX8=",
      "license": "ISC",
      "dependencies": {
        "@dokit/web-utils": "^0.0.1"
      }
    },
    "node_modules/@dokit/web-utils": {
      "version": "0.0.1",
      "resolved": "http://registry.npm.xiaojukeji.com/@dokit/web-utils/download/@dokit/web-utils-0.0.1.tgz",
      "integrity": "sha1-wr/rh8Ki7vtjMbEdIqyhWUw6xLA=",
      "license": "ISC"
    },
    "node_modules/jsqr": {
      "version": "1.4.0",
      "resolved": "http://registry.npm.xiaojukeji.com/jsqr/download/jsqr-1.4.0.tgz",
      "integrity": "sha1-jvuNCnzGhjy22VEWuQaRI86estE=",
      "license": "Apache-2.0"
    },
    "node_modules/mutation-observer": {
      "version": "1.0.3",
      "resolved": "http://registry.npm.xiaojukeji.com/mutation-observer/download/mutation-observer-1.0.3.tgz",
      "integrity": "sha1-QukiKxAbyoLlup1aes9KFMDyY9A="
    },
    "node_modules/web-vitals": {
      "version": "2.1.2",
      "resolved": "http://registry.npm.xiaojukeji.com/web-vitals/download/web-vitals-2.1.2.tgz",
      "integrity": "sha1-OmyPrr+Ql6bM0X9fRclIXY1i2rE=",
      "license": "Apache-2.0"
    }
  },
  "dependencies": {
    "@dokit/web-core": {
      "version": "0.0.3-alpha.3",
      "resolved": "http://registry.npm.xiaojukeji.com/@dokit/web-core/download/@dokit/web-core-0.0.3-alpha.3.tgz",
      "integrity": "sha1-ei2xboaGXJmCXdNpWSjpaNwVAX8=",
      "requires": {
        "@dokit/web-utils": "^0.0.1"
      }
    },
    "@dokit/web-utils": {
      "version": "0.0.1",
      "resolved": "http://registry.npm.xiaojukeji.com/@dokit/web-utils/download/@dokit/web-utils-0.0.1.tgz",
      "integrity": "sha1-wr/rh8Ki7vtjMbEdIqyhWUw6xLA="
    },
    "jsqr": {
      "version": "1.4.0",
      "resolved": "http://registry.npm.xiaojukeji.com/jsqr/download/jsqr-1.4.0.tgz",
      "integrity": "sha1-jvuNCnzGhjy22VEWuQaRI86estE="
    },
    "mutation-observer": {
      "version": "1.0.3",
      "resolved": "http://registry.npm.xiaojukeji.com/mutation-observer/download/mutation-observer-1.0.3.tgz",
      "integrity": "sha1-QukiKxAbyoLlup1aes9KFMDyY9A="
    },
    "web-vitals": {
      "version": "2.1.2",
      "resolved": "http://registry.npm.xiaojukeji.com/web-vitals/download/web-vitals-2.1.2.tgz",
      "integrity": "sha1-OmyPrr+Ql6bM0X9fRclIXY1i2rE="
    }
  }
}
