// !$*UTF8*$!
{
	archiveVersion = 1;
	classes = {
	};
	objectVersion = 50;
	objects = {

/* Begin PBXAggregateTarget section */
		38EA46FA221A586400EBA62F /* UniversalFramework */ = {
			isa = PBXAggregateTarget;
			buildConfigurationList = 38EA46FD221A586400EBA62F /* Build configuration list for PBXAggregateTarget "UniversalFramework" */;
			buildPhases = (
				38EA46FE221A587200EBA62F /* ShellScript */,
			);
			dependencies = (
			);
			name = UniversalFramework;
			productName = UniversalFramework;
		};
/* End PBXAggregateTarget section */

/* Begin PBXBuildFile section */
		DA1E1D9421F73061003E215F /* AppDelegate.m in Sources */ = {isa = PBXBuildFile; fileRef = DA1E1D9321F73061003E215F /* AppDelegate.m */; };
		DA1E1D9721F73061003E215F /* ViewController.m in Sources */ = {isa = PBXBuildFile; fileRef = DA1E1D9621F73061003E215F /* ViewController.m */; };
		DA1E1D9A21F73061003E215F /* Main.storyboard in Resources */ = {isa = PBXBuildFile; fileRef = DA1E1D9821F73061003E215F /* Main.storyboard */; };
		DA1E1D9C21F73064003E215F /* Assets.xcassets in Resources */ = {isa = PBXBuildFile; fileRef = DA1E1D9B21F73064003E215F /* Assets.xcassets */; };
		DA1E1D9F21F73064003E215F /* LaunchScreen.storyboard in Resources */ = {isa = PBXBuildFile; fileRef = DA1E1D9D21F73064003E215F /* LaunchScreen.storyboard */; };
		DA1E1DA221F73064003E215F /* main.m in Sources */ = {isa = PBXBuildFile; fileRef = DA1E1DA121F73064003E215F /* main.m */; };
		DA1E1DB421F7310C003E215F /* DoraemonLoadAnalyze.framework in Frameworks */ = {isa = PBXBuildFile; fileRef = DA1E1DAD21F7310C003E215F /* DoraemonLoadAnalyze.framework */; };
		DA1E1DB521F7310C003E215F /* DoraemonLoadAnalyze.framework in Embed Frameworks */ = {isa = PBXBuildFile; fileRef = DA1E1DAD21F7310C003E215F /* DoraemonLoadAnalyze.framework */; settings = {ATTRIBUTES = (CodeSignOnCopy, RemoveHeadersOnCopy, ); }; };
		DA1E1DBC21F73139003E215F /* DoraemonLoadAnalyze.mm in Sources */ = {isa = PBXBuildFile; fileRef = DA1E1DBA21F73139003E215F /* DoraemonLoadAnalyze.mm */; };
		DA1E1DBD21F73139003E215F /* DoraemonLoadAnalyze.h in Headers */ = {isa = PBXBuildFile; fileRef = DA1E1DBB21F73139003E215F /* DoraemonLoadAnalyze.h */; settings = {ATTRIBUTES = (Public, ); }; };
		DA1E1DC021F732CA003E215F /* Foundation.framework in Frameworks */ = {isa = PBXBuildFile; fileRef = DA1E1DBF21F732CA003E215F /* Foundation.framework */; };
		DA1E1DC221F732D2003E215F /* UIKit.framework in Frameworks */ = {isa = PBXBuildFile; fileRef = DA1E1DC121F732D2003E215F /* UIKit.framework */; };
		DA63F7FB21F735B200574365 /* QuartzCore.framework in Frameworks */ = {isa = PBXBuildFile; fileRef = DA63F7FA21F735B200574365 /* QuartzCore.framework */; };
		DA63F7FE21F73A3500574365 /* ViewController+A.m in Sources */ = {isa = PBXBuildFile; fileRef = DA63F7FD21F73A3500574365 /* ViewController+A.m */; };
		DA63F80121F73A7300574365 /* ViewController+B.m in Sources */ = {isa = PBXBuildFile; fileRef = DA63F80021F73A7300574365 /* ViewController+B.m */; };
/* End PBXBuildFile section */

/* Begin PBXContainerItemProxy section */
		DA1E1DB221F7310C003E215F /* PBXContainerItemProxy */ = {
			isa = PBXContainerItemProxy;
			containerPortal = DA1E1D8721F73061003E215F /* Project object */;
			proxyType = 1;
			remoteGlobalIDString = DA1E1DAC21F7310C003E215F;
			remoteInfo = DoraemonLoadAnalyze;
		};
/* End PBXContainerItemProxy section */

/* Begin PBXCopyFilesBuildPhase section */
		DA1E1DB921F7310C003E215F /* Embed Frameworks */ = {
			isa = PBXCopyFilesBuildPhase;
			buildActionMask = 2147483647;
			dstPath = "";
			dstSubfolderSpec = 10;
			files = (
				DA1E1DB521F7310C003E215F /* DoraemonLoadAnalyze.framework in Embed Frameworks */,
			);
			name = "Embed Frameworks";
			runOnlyForDeploymentPostprocessing = 0;
		};
/* End PBXCopyFilesBuildPhase section */

/* Begin PBXFileReference section */
		DA1E1D8F21F73061003E215F /* DoraemonLoadAnalyzeDemo.app */ = {isa = PBXFileReference; explicitFileType = wrapper.application; includeInIndex = 0; path = DoraemonLoadAnalyzeDemo.app; sourceTree = BUILT_PRODUCTS_DIR; };
		DA1E1D9221F73061003E215F /* AppDelegate.h */ = {isa = PBXFileReference; lastKnownFileType = sourcecode.c.h; path = AppDelegate.h; sourceTree = "<group>"; };
		DA1E1D9321F73061003E215F /* AppDelegate.m */ = {isa = PBXFileReference; lastKnownFileType = sourcecode.c.objc; path = AppDelegate.m; sourceTree = "<group>"; };
		DA1E1D9521F73061003E215F /* ViewController.h */ = {isa = PBXFileReference; lastKnownFileType = sourcecode.c.h; path = ViewController.h; sourceTree = "<group>"; };
		DA1E1D9621F73061003E215F /* ViewController.m */ = {isa = PBXFileReference; lastKnownFileType = sourcecode.c.objc; path = ViewController.m; sourceTree = "<group>"; };
		DA1E1D9921F73061003E215F /* Base */ = {isa = PBXFileReference; lastKnownFileType = file.storyboard; name = Base; path = Base.lproj/Main.storyboard; sourceTree = "<group>"; };
		DA1E1D9B21F73064003E215F /* Assets.xcassets */ = {isa = PBXFileReference; lastKnownFileType = folder.assetcatalog; path = Assets.xcassets; sourceTree = "<group>"; };
		DA1E1D9E21F73064003E215F /* Base */ = {isa = PBXFileReference; lastKnownFileType = file.storyboard; name = Base; path = Base.lproj/LaunchScreen.storyboard; sourceTree = "<group>"; };
		DA1E1DA021F73064003E215F /* Info.plist */ = {isa = PBXFileReference; lastKnownFileType = text.plist.xml; path = Info.plist; sourceTree = "<group>"; };
		DA1E1DA121F73064003E215F /* main.m */ = {isa = PBXFileReference; lastKnownFileType = sourcecode.c.objc; path = main.m; sourceTree = "<group>"; };
		DA1E1DAD21F7310C003E215F /* DoraemonLoadAnalyze.framework */ = {isa = PBXFileReference; explicitFileType = wrapper.framework; includeInIndex = 0; path = DoraemonLoadAnalyze.framework; sourceTree = BUILT_PRODUCTS_DIR; };
		DA1E1DB021F7310C003E215F /* Info.plist */ = {isa = PBXFileReference; lastKnownFileType = text.plist.xml; path = Info.plist; sourceTree = "<group>"; };
		DA1E1DBA21F73139003E215F /* DoraemonLoadAnalyze.mm */ = {isa = PBXFileReference; fileEncoding = 4; lastKnownFileType = sourcecode.cpp.objcpp; path = DoraemonLoadAnalyze.mm; sourceTree = "<group>"; };
		DA1E1DBB21F73139003E215F /* DoraemonLoadAnalyze.h */ = {isa = PBXFileReference; fileEncoding = 4; lastKnownFileType = sourcecode.c.h; path = DoraemonLoadAnalyze.h; sourceTree = "<group>"; };
		DA1E1DBF21F732CA003E215F /* Foundation.framework */ = {isa = PBXFileReference; lastKnownFileType = wrapper.framework; name = Foundation.framework; path = System/Library/Frameworks/Foundation.framework; sourceTree = SDKROOT; };
		DA1E1DC121F732D2003E215F /* UIKit.framework */ = {isa = PBXFileReference; lastKnownFileType = wrapper.framework; name = UIKit.framework; path = System/Library/Frameworks/UIKit.framework; sourceTree = SDKROOT; };
		DA1E1DC321F732EF003E215F /* libc++.1.tbd */ = {isa = PBXFileReference; lastKnownFileType = "sourcecode.text-based-dylib-definition"; name = "libc++.1.tbd"; path = "usr/lib/libc++.1.tbd"; sourceTree = SDKROOT; };
		DA63F7FA21F735B200574365 /* QuartzCore.framework */ = {isa = PBXFileReference; lastKnownFileType = wrapper.framework; name = QuartzCore.framework; path = System/Library/Frameworks/QuartzCore.framework; sourceTree = SDKROOT; };
		DA63F7FC21F73A3500574365 /* ViewController+A.h */ = {isa = PBXFileReference; lastKnownFileType = sourcecode.c.h; path = "ViewController+A.h"; sourceTree = "<group>"; };
		DA63F7FD21F73A3500574365 /* ViewController+A.m */ = {isa = PBXFileReference; lastKnownFileType = sourcecode.c.objc; path = "ViewController+A.m"; sourceTree = "<group>"; };
		DA63F7FF21F73A7300574365 /* ViewController+B.h */ = {isa = PBXFileReference; lastKnownFileType = sourcecode.c.h; path = "ViewController+B.h"; sourceTree = "<group>"; };
		DA63F80021F73A7300574365 /* ViewController+B.m */ = {isa = PBXFileReference; lastKnownFileType = sourcecode.c.objc; path = "ViewController+B.m"; sourceTree = "<group>"; };
/* End PBXFileReference section */

/* Begin PBXFrameworksBuildPhase section */
		DA1E1D8C21F73061003E215F /* Frameworks */ = {
			isa = PBXFrameworksBuildPhase;
			buildActionMask = 2147483647;
			files = (
				DA1E1DB421F7310C003E215F /* DoraemonLoadAnalyze.framework in Frameworks */,
			);
			runOnlyForDeploymentPostprocessing = 0;
		};
		DA1E1DAA21F7310C003E215F /* Frameworks */ = {
			isa = PBXFrameworksBuildPhase;
			buildActionMask = 2147483647;
			files = (
				DA63F7FB21F735B200574365 /* QuartzCore.framework in Frameworks */,
				DA1E1DC221F732D2003E215F /* UIKit.framework in Frameworks */,
				DA1E1DC021F732CA003E215F /* Foundation.framework in Frameworks */,
			);
			runOnlyForDeploymentPostprocessing = 0;
		};
/* End PBXFrameworksBuildPhase section */

/* Begin PBXGroup section */
		DA1E1D8621F73061003E215F = {
			isa = PBXGroup;
			children = (
				DA1E1D9121F73061003E215F /* DoraemonLoadAnalyzeDemo */,
				DA1E1DAE21F7310C003E215F /* DoraemonLoadAnalyze */,
				DA1E1D9021F73061003E215F /* Products */,
				DA1E1DBE21F732CA003E215F /* Frameworks */,
			);
			sourceTree = "<group>";
		};
		DA1E1D9021F73061003E215F /* Products */ = {
			isa = PBXGroup;
			children = (
				DA1E1D8F21F73061003E215F /* DoraemonLoadAnalyzeDemo.app */,
				DA1E1DAD21F7310C003E215F /* DoraemonLoadAnalyze.framework */,
			);
			name = Products;
			sourceTree = "<group>";
		};
		DA1E1D9121F73061003E215F /* DoraemonLoadAnalyzeDemo */ = {
			isa = PBXGroup;
			children = (
				DA1E1D9221F73061003E215F /* AppDelegate.h */,
				DA1E1D9321F73061003E215F /* AppDelegate.m */,
				DA1E1D9521F73061003E215F /* ViewController.h */,
				DA1E1D9621F73061003E215F /* ViewController.m */,
				DA1E1D9821F73061003E215F /* Main.storyboard */,
				DA1E1D9B21F73064003E215F /* Assets.xcassets */,
				DA1E1D9D21F73064003E215F /* LaunchScreen.storyboard */,
				DA1E1DA021F73064003E215F /* Info.plist */,
				DA1E1DA121F73064003E215F /* main.m */,
				DA63F7FC21F73A3500574365 /* ViewController+A.h */,
				DA63F7FD21F73A3500574365 /* ViewController+A.m */,
				DA63F7FF21F73A7300574365 /* ViewController+B.h */,
				DA63F80021F73A7300574365 /* ViewController+B.m */,
			);
			path = DoraemonLoadAnalyzeDemo;
			sourceTree = "<group>";
		};
		DA1E1DAE21F7310C003E215F /* DoraemonLoadAnalyze */ = {
			isa = PBXGroup;
			children = (
				DA1E1DBB21F73139003E215F /* DoraemonLoadAnalyze.h */,
				DA1E1DBA21F73139003E215F /* DoraemonLoadAnalyze.mm */,
				DA1E1DB021F7310C003E215F /* Info.plist */,
			);
			path = DoraemonLoadAnalyze;
			sourceTree = "<group>";
		};
		DA1E1DBE21F732CA003E215F /* Frameworks */ = {
			isa = PBXGroup;
			children = (
				DA63F7FA21F735B200574365 /* QuartzCore.framework */,
				DA1E1DC321F732EF003E215F /* libc++.1.tbd */,
				DA1E1DC121F732D2003E215F /* UIKit.framework */,
				DA1E1DBF21F732CA003E215F /* Foundation.framework */,
			);
			name = Frameworks;
			sourceTree = "<group>";
		};
/* End PBXGroup section */

/* Begin PBXHeadersBuildPhase section */
		DA1E1DA821F7310C003E215F /* Headers */ = {
			isa = PBXHeadersBuildPhase;
			buildActionMask = 2147483647;
			files = (
				DA1E1DBD21F73139003E215F /* DoraemonLoadAnalyze.h in Headers */,
			);
			runOnlyForDeploymentPostprocessing = 0;
		};
/* End PBXHeadersBuildPhase section */

/* Begin PBXNativeTarget section */
		DA1E1D8E21F73061003E215F /* DoraemonLoadAnalyzeDemo */ = {
			isa = PBXNativeTarget;
			buildConfigurationList = DA1E1DA521F73064003E215F /* Build configuration list for PBXNativeTarget "DoraemonLoadAnalyzeDemo" */;
			buildPhases = (
				DA1E1D8B21F73061003E215F /* Sources */,
				DA1E1D8C21F73061003E215F /* Frameworks */,
				DA1E1D8D21F73061003E215F /* Resources */,
				DA1E1DB921F7310C003E215F /* Embed Frameworks */,
			);
			buildRules = (
			);
			dependencies = (
				DA1E1DB321F7310C003E215F /* PBXTargetDependency */,
			);
			name = DoraemonLoadAnalyzeDemo;
			productName = DoraemonLoadAnalyzeDemo;
			productReference = DA1E1D8F21F73061003E215F /* DoraemonLoadAnalyzeDemo.app */;
			productType = "com.apple.product-type.application";
		};
		DA1E1DAC21F7310C003E215F /* DoraemonLoadAnalyze */ = {
			isa = PBXNativeTarget;
			buildConfigurationList = DA1E1DB621F7310C003E215F /* Build configuration list for PBXNativeTarget "DoraemonLoadAnalyze" */;
			buildPhases = (
				DA1E1DA821F7310C003E215F /* Headers */,
				DA1E1DA921F7310C003E215F /* Sources */,
				DA1E1DAA21F7310C003E215F /* Frameworks */,
				DA1E1DAB21F7310C003E215F /* Resources */,
			);
			buildRules = (
			);
			dependencies = (
			);
			name = DoraemonLoadAnalyze;
			productName = DoraemonLoadAnalyze;
			productReference = DA1E1DAD21F7310C003E215F /* DoraemonLoadAnalyze.framework */;
			productType = "com.apple.product-type.framework";
		};
/* End PBXNativeTarget section */

/* Begin PBXProject section */
		DA1E1D8721F73061003E215F /* Project object */ = {
			isa = PBXProject;
			attributes = {
				LastUpgradeCheck = 1010;
				ORGANIZATIONNAME = yixiang;
				TargetAttributes = {
					38EA46FA221A586400EBA62F = {
						CreatedOnToolsVersion = 10.1;
					};
					DA1E1D8E21F73061003E215F = {
						CreatedOnToolsVersion = 10.1;
					};
					DA1E1DAC21F7310C003E215F = {
						CreatedOnToolsVersion = 10.1;
					};
				};
			};
			buildConfigurationList = DA1E1D8A21F73061003E215F /* Build configuration list for PBXProject "DoraemonLoadAnalyzeDemo" */;
			compatibilityVersion = "Xcode 9.3";
			developmentRegion = en;
			hasScannedForEncodings = 0;
			knownRegions = (
				en,
				Base,
			);
			mainGroup = DA1E1D8621F73061003E215F;
			productRefGroup = DA1E1D9021F73061003E215F /* Products */;
			projectDirPath = "";
			projectRoot = "";
			targets = (
				DA1E1D8E21F73061003E215F /* DoraemonLoadAnalyzeDemo */,
				DA1E1DAC21F7310C003E215F /* DoraemonLoadAnalyze */,
				38EA46FA221A586400EBA62F /* UniversalFramework */,
			);
		};
/* End PBXProject section */

/* Begin PBXResourcesBuildPhase section */
		DA1E1D8D21F73061003E215F /* Resources */ = {
			isa = PBXResourcesBuildPhase;
			buildActionMask = 2147483647;
			files = (
				DA1E1D9F21F73064003E215F /* LaunchScreen.storyboard in Resources */,
				DA1E1D9C21F73064003E215F /* Assets.xcassets in Resources */,
				DA1E1D9A21F73061003E215F /* Main.storyboard in Resources */,
			);
			runOnlyForDeploymentPostprocessing = 0;
		};
		DA1E1DAB21F7310C003E215F /* Resources */ = {
			isa = PBXResourcesBuildPhase;
			buildActionMask = 2147483647;
			files = (
			);
			runOnlyForDeploymentPostprocessing = 0;
		};
/* End PBXResourcesBuildPhase section */

/* Begin PBXShellScriptBuildPhase section */
		38EA46FE221A587200EBA62F /* ShellScript */ = {
			isa = PBXShellScriptBuildPhase;
			buildActionMask = 2147483647;
			files = (
			);
			inputFileListPaths = (
			);
			inputPaths = (
			);
			outputFileListPaths = (
			);
			outputPaths = (
			);
			runOnlyForDeploymentPostprocessing = 0;
			shellPath = /bin/sh;
			shellScript = "######################\n# Options\n######################\n\n#verbose\nset -x\n\nREVEAL_ARCHIVE_IN_FINDER=true\n\nFRAMEWORK_NAME=\"DoraemonLoadAnalyze\"\n\nSIMULATOR_LIBRARY_PATH=\"${BUILD_DIR}/${CONFIGURATION}-iphonesimulator/${FRAMEWORK_NAME}.framework\"\n\nDEVICE_LIBRARY_PATH=\"${BUILD_DIR}/${CONFIGURATION}-iphoneos/${FRAMEWORK_NAME}.framework\"\n\nUNIVERSAL_LIBRARY_DIR=\"${BUILD_DIR}/${CONFIGURATION}-iphoneuniversal\"\n\nFRAMEWORK=\"${UNIVERSAL_LIBRARY_DIR}/${FRAMEWORK_NAME}.framework\"\n\n\n######################\n# Build Frameworks\n######################\n# Build for simulator\nxcrun xcodebuild BITCODE_GENERATION_MODE=bitcode OTHER_CFLAGS=\"-fembed-bitcode\" -target ${FRAMEWORK_NAME} -sdk iphonesimulator -configuration ${CONFIGURATION} ARCHS=\"i386 x86_64\" ONLY_ACTIVE_ARCH=NO clean build CONFIGURATION_BUILD_DIR=${BUILD_DIR}/${CONFIGURATION}-iphonesimulator\n\n# Build for device\nxcrun xcodebuild BITCODE_GENERATION_MODE=bitcode OTHER_CFLAGS=\"-fembed-bitcode\" -target ${FRAMEWORK_NAME} -sdk iphoneos -configuration ${CONFIGURATION} ARCHS=\"armv7 armv7s arm64\" ONLY_ACTIVE_ARCH=NO clean build CONFIGURATION_BUILD_DIR=${BUILD_DIR}/${CONFIGURATION}-iphoneos\n\n######################\n# Create directory for universal\n######################\n\nrm -rf \"${UNIVERSAL_LIBRARY_DIR}\"\n\nmkdir \"${UNIVERSAL_LIBRARY_DIR}\"\n\nmkdir \"${FRAMEWORK}\"\n\n\n######################\n# Copy files Framework\n######################\n\ncp -r \"${DEVICE_LIBRARY_PATH}/.\" \"${FRAMEWORK}\"\n\n\n######################\n# Make an universal binary\n######################\n\nlipo \"${SIMULATOR_LIBRARY_PATH}/${FRAMEWORK_NAME}\" \"${DEVICE_LIBRARY_PATH}/${FRAMEWORK_NAME}\" -create -output \"${FRAMEWORK}/${FRAMEWORK_NAME}\" | echo\n\n# For Swift framework, Swiftmodule needs to be copied in the universal framework\nif [ -d \"${SIMULATOR_LIBRARY_PATH}/Modules/${FRAMEWORK_NAME}.swiftmodule/\" ]; then\ncp -f ${SIMULATOR_LIBRARY_PATH}/Modules/${FRAMEWORK_NAME}.swiftmodule/* \"${FRAMEWORK}/Modules/${FRAMEWORK_NAME}.swiftmodule/\" | echo\nfi\n\nif [ -d \"${DEVICE_LIBRARY_PATH}/Modules/${FRAMEWORK_NAME}.swiftmodule/\" ]; then\ncp -f ${DEVICE_LIBRARY_PATH}/Modules/${FRAMEWORK_NAME}.swiftmodule/* \"${FRAMEWORK}/Modules/${FRAMEWORK_NAME}.swiftmodule/\" | echo\nfi\n\n######################\n# On Release, copy the result to release directory\n######################\nOUTPUT_DIR=\"${PROJECT_DIR}/build/${FRAMEWORK_NAME}-${CONFIGURATION}-iphoneuniversal/\"\n\nrm -rf \"$OUTPUT_DIR\"\nmkdir -p \"$OUTPUT_DIR\"\n\ncp -r \"${FRAMEWORK}\" \"$OUTPUT_DIR\"\n\nif [ ${REVEAL_ARCHIVE_IN_FINDER} = true ]; then\nopen \"${OUTPUT_DIR}/\"\nfi\n";
		};
/* End PBXShellScriptBuildPhase section */

/* Begin PBXSourcesBuildPhase section */
		DA1E1D8B21F73061003E215F /* Sources */ = {
			isa = PBXSourcesBuildPhase;
			buildActionMask = 2147483647;
			files = (
				DA63F80121F73A7300574365 /* ViewController+B.m in Sources */,
				DA63F7FE21F73A3500574365 /* ViewController+A.m in Sources */,
				DA1E1D9721F73061003E215F /* ViewController.m in Sources */,
				DA1E1DA221F73064003E215F /* main.m in Sources */,
				DA1E1D9421F73061003E215F /* AppDelegate.m in Sources */,
			);
			runOnlyForDeploymentPostprocessing = 0;
		};
		DA1E1DA921F7310C003E215F /* Sources */ = {
			isa = PBXSourcesBuildPhase;
			buildActionMask = 2147483647;
			files = (
				DA1E1DBC21F73139003E215F /* DoraemonLoadAnalyze.mm in Sources */,
			);
			runOnlyForDeploymentPostprocessing = 0;
		};
/* End PBXSourcesBuildPhase section */

/* Begin PBXTargetDependency section */
		DA1E1DB321F7310C003E215F /* PBXTargetDependency */ = {
			isa = PBXTargetDependency;
			target = DA1E1DAC21F7310C003E215F /* DoraemonLoadAnalyze */;
			targetProxy = DA1E1DB221F7310C003E215F /* PBXContainerItemProxy */;
		};
/* End PBXTargetDependency section */

/* Begin PBXVariantGroup section */
		DA1E1D9821F73061003E215F /* Main.storyboard */ = {
			isa = PBXVariantGroup;
			children = (
				DA1E1D9921F73061003E215F /* Base */,
			);
			name = Main.storyboard;
			sourceTree = "<group>";
		};
		DA1E1D9D21F73064003E215F /* LaunchScreen.storyboard */ = {
			isa = PBXVariantGroup;
			children = (
				DA1E1D9E21F73064003E215F /* Base */,
			);
			name = LaunchScreen.storyboard;
			sourceTree = "<group>";
		};
/* End PBXVariantGroup section */

/* Begin XCBuildConfiguration section */
		38EA46FB221A586400EBA62F /* Debug */ = {
			isa = XCBuildConfiguration;
			buildSettings = {
				CODE_SIGN_STYLE = Automatic;
				PRODUCT_NAME = "$(TARGET_NAME)";
			};
			name = Debug;
		};
		38EA46FC221A586400EBA62F /* Release */ = {
			isa = XCBuildConfiguration;
			buildSettings = {
				CODE_SIGN_STYLE = Automatic;
				PRODUCT_NAME = "$(TARGET_NAME)";
			};
			name = Release;
		};
		DA1E1DA321F73064003E215F /* Debug */ = {
			isa = XCBuildConfiguration;
			buildSettings = {
				ALWAYS_SEARCH_USER_PATHS = NO;
				CLANG_ANALYZER_NONNULL = YES;
				CLANG_ANALYZER_NUMBER_OBJECT_CONVERSION = YES_AGGRESSIVE;
				CLANG_CXX_LANGUAGE_STANDARD = "gnu++14";
				CLANG_CXX_LIBRARY = "libc++";
				CLANG_ENABLE_MODULES = YES;
				CLANG_ENABLE_OBJC_ARC = YES;
				CLANG_ENABLE_OBJC_WEAK = YES;
				CLANG_WARN_BLOCK_CAPTURE_AUTORELEASING = YES;
				CLANG_WARN_BOOL_CONVERSION = YES;
				CLANG_WARN_COMMA = YES;
				CLANG_WARN_CONSTANT_CONVERSION = YES;
				CLANG_WARN_DEPRECATED_OBJC_IMPLEMENTATIONS = YES;
				CLANG_WARN_DIRECT_OBJC_ISA_USAGE = YES_ERROR;
				CLANG_WARN_DOCUMENTATION_COMMENTS = YES;
				CLANG_WARN_EMPTY_BODY = YES;
				CLANG_WARN_ENUM_CONVERSION = YES;
				CLANG_WARN_INFINITE_RECURSION = YES;
				CLANG_WARN_INT_CONVERSION = YES;
				CLANG_WARN_NON_LITERAL_NULL_CONVERSION = YES;
				CLANG_WARN_OBJC_IMPLICIT_RETAIN_SELF = YES;
				CLANG_WARN_OBJC_LITERAL_CONVERSION = YES;
				CLANG_WARN_OBJC_ROOT_CLASS = YES_ERROR;
				CLANG_WARN_RANGE_LOOP_ANALYSIS = YES;
				CLANG_WARN_STRICT_PROTOTYPES = YES;
				CLANG_WARN_SUSPICIOUS_MOVE = YES;
				CLANG_WARN_UNGUARDED_AVAILABILITY = YES_AGGRESSIVE;
				CLANG_WARN_UNREACHABLE_CODE = YES;
				CLANG_WARN__DUPLICATE_METHOD_MATCH = YES;
				CODE_SIGN_IDENTITY = "iPhone Developer";
				COPY_PHASE_STRIP = NO;
				DEBUG_INFORMATION_FORMAT = dwarf;
				ENABLE_STRICT_OBJC_MSGSEND = YES;
				ENABLE_TESTABILITY = YES;
				GCC_C_LANGUAGE_STANDARD = gnu11;
				GCC_DYNAMIC_NO_PIC = NO;
				GCC_NO_COMMON_BLOCKS = YES;
				GCC_OPTIMIZATION_LEVEL = 0;
				GCC_PREPROCESSOR_DEFINITIONS = (
					"DEBUG=1",
					"$(inherited)",
				);
				GCC_WARN_64_TO_32_BIT_CONVERSION = YES;
				GCC_WARN_ABOUT_RETURN_TYPE = YES_ERROR;
				GCC_WARN_UNDECLARED_SELECTOR = YES;
				GCC_WARN_UNINITIALIZED_AUTOS = YES_AGGRESSIVE;
				GCC_WARN_UNUSED_FUNCTION = YES;
				GCC_WARN_UNUSED_VARIABLE = YES;
				IPHONEOS_DEPLOYMENT_TARGET = 8.0;
				MTL_ENABLE_DEBUG_INFO = INCLUDE_SOURCE;
				MTL_FAST_MATH = YES;
				ONLY_ACTIVE_ARCH = YES;
				SDKROOT = iphoneos;
			};
			name = Debug;
		};
		DA1E1DA421F73064003E215F /* Release */ = {
			isa = XCBuildConfiguration;
			buildSettings = {
				ALWAYS_SEARCH_USER_PATHS = NO;
				CLANG_ANALYZER_NONNULL = YES;
				CLANG_ANALYZER_NUMBER_OBJECT_CONVERSION = YES_AGGRESSIVE;
				CLANG_CXX_LANGUAGE_STANDARD = "gnu++14";
				CLANG_CXX_LIBRARY = "libc++";
				CLANG_ENABLE_MODULES = YES;
				CLANG_ENABLE_OBJC_ARC = YES;
				CLANG_ENABLE_OBJC_WEAK = YES;
				CLANG_WARN_BLOCK_CAPTURE_AUTORELEASING = YES;
				CLANG_WARN_BOOL_CONVERSION = YES;
				CLANG_WARN_COMMA = YES;
				CLANG_WARN_CONSTANT_CONVERSION = YES;
				CLANG_WARN_DEPRECATED_OBJC_IMPLEMENTATIONS = YES;
				CLANG_WARN_DIRECT_OBJC_ISA_USAGE = YES_ERROR;
				CLANG_WARN_DOCUMENTATION_COMMENTS = YES;
				CLANG_WARN_EMPTY_BODY = YES;
				CLANG_WARN_ENUM_CONVERSION = YES;
				CLANG_WARN_INFINITE_RECURSION = YES;
				CLANG_WARN_INT_CONVERSION = YES;
				CLANG_WARN_NON_LITERAL_NULL_CONVERSION = YES;
				CLANG_WARN_OBJC_IMPLICIT_RETAIN_SELF = YES;
				CLANG_WARN_OBJC_LITERAL_CONVERSION = YES;
				CLANG_WARN_OBJC_ROOT_CLASS = YES_ERROR;
				CLANG_WARN_RANGE_LOOP_ANALYSIS = YES;
				CLANG_WARN_STRICT_PROTOTYPES = YES;
				CLANG_WARN_SUSPICIOUS_MOVE = YES;
				CLANG_WARN_UNGUARDED_AVAILABILITY = YES_AGGRESSIVE;
				CLANG_WARN_UNREACHABLE_CODE = YES;
				CLANG_WARN__DUPLICATE_METHOD_MATCH = YES;
				CODE_SIGN_IDENTITY = "iPhone Developer";
				COPY_PHASE_STRIP = NO;
				DEBUG_INFORMATION_FORMAT = "dwarf-with-dsym";
				ENABLE_NS_ASSERTIONS = NO;
				ENABLE_STRICT_OBJC_MSGSEND = YES;
				GCC_C_LANGUAGE_STANDARD = gnu11;
				GCC_NO_COMMON_BLOCKS = YES;
				GCC_WARN_64_TO_32_BIT_CONVERSION = YES;
				GCC_WARN_ABOUT_RETURN_TYPE = YES_ERROR;
				GCC_WARN_UNDECLARED_SELECTOR = YES;
				GCC_WARN_UNINITIALIZED_AUTOS = YES_AGGRESSIVE;
				GCC_WARN_UNUSED_FUNCTION = YES;
				GCC_WARN_UNUSED_VARIABLE = YES;
				IPHONEOS_DEPLOYMENT_TARGET = 8.0;
				MTL_ENABLE_DEBUG_INFO = NO;
				MTL_FAST_MATH = YES;
				SDKROOT = iphoneos;
				VALIDATE_PRODUCT = YES;
			};
			name = Release;
		};
		DA1E1DA621F73064003E215F /* Debug */ = {
			isa = XCBuildConfiguration;
			buildSettings = {
				ASSETCATALOG_COMPILER_APPICON_NAME = AppIcon;
				CODE_SIGN_STYLE = Automatic;
				DEVELOPMENT_TEAM = RSV7DQ57L7;
				INFOPLIST_FILE = DoraemonLoadAnalyzeDemo/Info.plist;
				IPHONEOS_DEPLOYMENT_TARGET = 8.0;
				LD_RUNPATH_SEARCH_PATHS = (
					"$(inherited)",
					"@executable_path/Frameworks",
				);
				OTHER_LDFLAGS = "-ObjC";
				PRODUCT_BUNDLE_IDENTIFIER = com.javer.yi.DoraemonLoadAnalyzeDemoXXXX;
				PRODUCT_NAME = "$(TARGET_NAME)";
				TARGETED_DEVICE_FAMILY = "1,2";
			};
			name = Debug;
		};
		DA1E1DA721F73064003E215F /* Release */ = {
			isa = XCBuildConfiguration;
			buildSettings = {
				ASSETCATALOG_COMPILER_APPICON_NAME = AppIcon;
				CODE_SIGN_STYLE = Automatic;
				DEVELOPMENT_TEAM = RSV7DQ57L7;
				INFOPLIST_FILE = DoraemonLoadAnalyzeDemo/Info.plist;
				IPHONEOS_DEPLOYMENT_TARGET = 8.0;
				LD_RUNPATH_SEARCH_PATHS = (
					"$(inherited)",
					"@executable_path/Frameworks",
				);
				OTHER_LDFLAGS = "-ObjC";
				PRODUCT_BUNDLE_IDENTIFIER = com.javer.yi.DoraemonLoadAnalyzeDemoXXXX;
				PRODUCT_NAME = "$(TARGET_NAME)";
				TARGETED_DEVICE_FAMILY = "1,2";
			};
			name = Release;
		};
		DA1E1DB721F7310C003E215F /* Debug */ = {
			isa = XCBuildConfiguration;
			buildSettings = {
				CODE_SIGN_IDENTITY = "";
				CODE_SIGN_STYLE = Automatic;
				CURRENT_PROJECT_VERSION = 1;
				DEFINES_MODULE = YES;
				DEVELOPMENT_TEAM = 2M632FEG3H;
				DYLIB_COMPATIBILITY_VERSION = 1;
				DYLIB_CURRENT_VERSION = 1;
				DYLIB_INSTALL_NAME_BASE = "@rpath";
				EXCLUDED_ARCHS = arm64;
				INFOPLIST_FILE = DoraemonLoadAnalyze/Info.plist;
				INSTALL_PATH = "$(LOCAL_LIBRARY_DIR)/Frameworks";
				IPHONEOS_DEPLOYMENT_TARGET = 8.0;
				LD_RUNPATH_SEARCH_PATHS = (
					"$(inherited)",
					"@executable_path/Frameworks",
					"@loader_path/Frameworks",
				);
				OTHER_LDFLAGS = "";
				PRODUCT_BUNDLE_IDENTIFIER = com.javer.yi.DoraemonLoadAnalyze;
				PRODUCT_NAME = "$(TARGET_NAME:c99extidentifier)";
				SKIP_INSTALL = YES;
				TARGETED_DEVICE_FAMILY = "1,2";
				VERSIONING_SYSTEM = "apple-generic";
				VERSION_INFO_PREFIX = "";
			};
			name = Debug;
		};
		DA1E1DB821F7310C003E215F /* Release */ = {
			isa = XCBuildConfiguration;
			buildSettings = {
				CODE_SIGN_IDENTITY = "";
				CODE_SIGN_STYLE = Automatic;
				CURRENT_PROJECT_VERSION = 1;
				DEFINES_MODULE = YES;
				DEVELOPMENT_TEAM = 2M632FEG3H;
				DYLIB_COMPATIBILITY_VERSION = 1;
				DYLIB_CURRENT_VERSION = 1;
				DYLIB_INSTALL_NAME_BASE = "@rpath";
				EXCLUDED_ARCHS = arm64;
				INFOPLIST_FILE = DoraemonLoadAnalyze/Info.plist;
				INSTALL_PATH = "$(LOCAL_LIBRARY_DIR)/Frameworks";
				IPHONEOS_DEPLOYMENT_TARGET = 8.0;
				LD_RUNPATH_SEARCH_PATHS = (
					"$(inherited)",
					"@executable_path/Frameworks",
					"@loader_path/Frameworks",
				);
				OTHER_LDFLAGS = "";
				PRODUCT_BUNDLE_IDENTIFIER = com.javer.yi.DoraemonLoadAnalyze;
				PRODUCT_NAME = "$(TARGET_NAME:c99extidentifier)";
				SKIP_INSTALL = YES;
				TARGETED_DEVICE_FAMILY = "1,2";
				VERSIONING_SYSTEM = "apple-generic";
				VERSION_INFO_PREFIX = "";
			};
			name = Release;
		};
/* End XCBuildConfiguration section */

/* Begin XCConfigurationList section */
		38EA46FD221A586400EBA62F /* Build configuration list for PBXAggregateTarget "UniversalFramework" */ = {
			isa = XCConfigurationList;
			buildConfigurations = (
				38EA46FB221A586400EBA62F /* Debug */,
				38EA46FC221A586400EBA62F /* Release */,
			);
			defaultConfigurationIsVisible = 0;
			defaultConfigurationName = Release;
		};
		DA1E1D8A21F73061003E215F /* Build configuration list for PBXProject "DoraemonLoadAnalyzeDemo" */ = {
			isa = XCConfigurationList;
			buildConfigurations = (
				DA1E1DA321F73064003E215F /* Debug */,
				DA1E1DA421F73064003E215F /* Release */,
			);
			defaultConfigurationIsVisible = 0;
			defaultConfigurationName = Release;
		};
		DA1E1DA521F73064003E215F /* Build configuration list for PBXNativeTarget "DoraemonLoadAnalyzeDemo" */ = {
			isa = XCConfigurationList;
			buildConfigurations = (
				DA1E1DA621F73064003E215F /* Debug */,
				DA1E1DA721F73064003E215F /* Release */,
			);
			defaultConfigurationIsVisible = 0;
			defaultConfigurationName = Release;
		};
		DA1E1DB621F7310C003E215F /* Build configuration list for PBXNativeTarget "DoraemonLoadAnalyze" */ = {
			isa = XCConfigurationList;
			buildConfigurations = (
				DA1E1DB721F7310C003E215F /* Debug */,
				DA1E1DB821F7310C003E215F /* Release */,
			);
			defaultConfigurationIsVisible = 0;
			defaultConfigurationName = Release;
		};
/* End XCConfigurationList section */
	};
	rootObject = DA1E1D8721F73061003E215F /* Project object */;
}
