{
  "name": "@dokit/web-core",
  "version": "0.0.3",
  "lockfileVersion": 2,
  "requires": true,
  "packages": {
    "": {
      "name": "@dokit/web-core",
      "version": "0.0.3",
      "license": "ISC",
      "dependencies": {
        "@dokit/web-utils": "file:../utils",
        "@medv/finder": "^1.1.3",
        "cssesc": "^3.0.0",
        "moment": "^2.29.1",
        "vue": "^3.2.21"
      }
    },
    "../utils": {
      "version": "0.0.3",
      "license": "ISC",
      "dependencies": {
        "@dokit/web-core": "file:../core"
      }
    },
    "node_modules/@babel/parser": {
      "version": "7.17.8",
      "resolved": "http://registry.npm.xiaojukeji.com/@babel/parser/download/@babel/parser-7.17.8.tgz",
      "integrity": "sha1-KBf7nYhd2BMuoPjrYVpjiMyhwkA=",
      "license": "MIT",
      "bin": {
        "parser": "bin/babel-parser.js"
      },
      "engines": {
        "node": ">=6.0.0"
      }
    },
    "node_modules/@dokit/web-utils": {
      "resolved": "../utils",
      "link": true
    },
    "node_modules/@medv/finder": {
      "version": "1.1.3",
      "resolved": "http://registry.npm.xiaojukeji.com/@medv/finder/download/@medv/finder-1.1.3.tgz",
      "integrity": "sha1-AdkFEbPPFCAnbF+npcxKxf1+FSc=",
      "license": "MIT",
      "dependencies": {
        "cssesc": "^2.0.0"
      }
    },
    "node_modules/@medv/finder/node_modules/cssesc": {
      "version": "2.0.0",
      "resolved": "http://registry.npm.xiaojukeji.com/cssesc/download/cssesc-2.0.0.tgz",
      "integrity": "sha1-OxO9G7HLNuG8taTc0n9UxdyzVwM=",
      "license": "MIT",
      "bin": {
        "cssesc": "bin/cssesc"
      },
      "engines": {
        "node": ">=4"
      }
    },
    "node_modules/@vue/compiler-core": {
      "version": "3.2.31",
      "resolved": "http://registry.npm.xiaojukeji.com/@vue/compiler-core/download/@vue/compiler-core-3.2.31.tgz",
      "integrity": "sha1-048Gws+EV0JAO1I6tFlqP9oVLok=",
      "license": "MIT",
      "dependencies": {
        "@babel/parser": "^7.16.4",
        "@vue/shared": "3.2.31",
        "estree-walker": "^2.0.2",
        "source-map": "^0.6.1"
      }
    },
    "node_modules/@vue/compiler-dom": {
      "version": "3.2.31",
      "resolved": "http://registry.npm.xiaojukeji.com/@vue/compiler-dom/download/@vue/compiler-dom-3.2.31.tgz",
      "integrity": "sha1-sbffrVXJbIzCuRnNfrX9fk3b8A4=",
      "license": "MIT",
      "dependencies": {
        "@vue/compiler-core": "3.2.31",
        "@vue/shared": "3.2.31"
      }
    },
    "node_modules/@vue/compiler-sfc": {
      "version": "3.2.31",
      "resolved": "http://registry.npm.xiaojukeji.com/@vue/compiler-sfc/download/@vue/compiler-sfc-3.2.31.tgz",
      "integrity": "sha1-0Cspw/401ZmlLFrhxpN7TWnxHC8=",
      "license": "MIT",
      "dependencies": {
        "@babel/parser": "^7.16.4",
        "@vue/compiler-core": "3.2.31",
        "@vue/compiler-dom": "3.2.31",
        "@vue/compiler-ssr": "3.2.31",
        "@vue/reactivity-transform": "3.2.31",
        "@vue/shared": "3.2.31",
        "estree-walker": "^2.0.2",
        "magic-string": "^0.25.7",
        "postcss": "^8.1.10",
        "source-map": "^0.6.1"
      }
    },
    "node_modules/@vue/compiler-ssr": {
      "version": "3.2.31",
      "resolved": "http://registry.npm.xiaojukeji.com/@vue/compiler-ssr/download/@vue/compiler-ssr-3.2.31.tgz",
      "integrity": "sha1-T6APSGycRYC0CkF3hx671lDsuZw=",
      "license": "MIT",
      "dependencies": {
        "@vue/compiler-dom": "3.2.31",
        "@vue/shared": "3.2.31"
      }
    },
    "node_modules/@vue/reactivity": {
      "version": "3.2.31",
      "resolved": "http://registry.npm.xiaojukeji.com/@vue/reactivity/download/@vue/reactivity-3.2.31.tgz",
      "integrity": "sha1-/JCqLN9pVBi3nlNHg6ypDWOka70=",
      "license": "MIT",
      "dependencies": {
        "@vue/shared": "3.2.31"
      }
    },
    "node_modules/@vue/reactivity-transform": {
      "version": "3.2.31",
      "resolved": "http://registry.npm.xiaojukeji.com/@vue/reactivity-transform/download/@vue/reactivity-transform-3.2.31.tgz",
      "integrity": "sha1-D1slwk5w7asrYT1TBcRltQ/ACRE=",
      "license": "MIT",
      "dependencies": {
        "@babel/parser": "^7.16.4",
        "@vue/compiler-core": "3.2.31",
        "@vue/shared": "3.2.31",
        "estree-walker": "^2.0.2",
        "magic-string": "^0.25.7"
      }
    },
    "node_modules/@vue/runtime-core": {
      "version": "3.2.31",
      "resolved": "http://registry.npm.xiaojukeji.com/@vue/runtime-core/download/@vue/runtime-core-3.2.31.tgz",
      "integrity": "sha1-nShMOC9fmBt6e1lxBSodxO85rHo=",
      "license": "MIT",
      "dependencies": {
        "@vue/reactivity": "3.2.31",
        "@vue/shared": "3.2.31"
      }
    },
    "node_modules/@vue/runtime-dom": {
      "version": "3.2.31",
      "resolved": "http://registry.npm.xiaojukeji.com/@vue/runtime-dom/download/@vue/runtime-dom-3.2.31.tgz",
      "integrity": "sha1-ec4BgXyzyvLJ2SP2abc40teVPv8=",
      "license": "MIT",
      "dependencies": {
        "@vue/runtime-core": "3.2.31",
        "@vue/shared": "3.2.31",
        "csstype": "^2.6.8"
      }
    },
    "node_modules/@vue/server-renderer": {
      "version": "3.2.31",
      "resolved": "http://registry.npm.xiaojukeji.com/@vue/server-renderer/download/@vue/server-renderer-3.2.31.tgz",
      "integrity": "sha1-IB6dbOc1hH1ZiUA6+B74CWDacUE=",
      "license": "MIT",
      "dependencies": {
        "@vue/compiler-ssr": "3.2.31",
        "@vue/shared": "3.2.31"
      },
      "peerDependencies": {
        "vue": "3.2.31"
      }
    },
    "node_modules/@vue/shared": {
      "version": "3.2.31",
      "resolved": "http://registry.npm.xiaojukeji.com/@vue/shared/download/@vue/shared-3.2.31.tgz",
      "integrity": "sha1-yQ3nEm2DPc06THU01TS+L7Qfqk4=",
      "license": "MIT"
    },
    "node_modules/cssesc": {
      "version": "3.0.0",
      "resolved": "http://registry.npm.xiaojukeji.com/cssesc/download/cssesc-3.0.0.tgz",
      "integrity": "sha1-N3QZGZA7hoVl4cCep0dEXNGJg+4=",
      "license": "MIT",
      "bin": {
        "cssesc": "bin/cssesc"
      },
      "engines": {
        "node": ">=4"
      }
    },
    "node_modules/csstype": {
      "version": "2.6.19",
      "resolved": "http://registry.npm.xiaojukeji.com/csstype/download/csstype-2.6.19.tgz",
      "integrity": "sha1-/utarokCC7OJ4fY2aaXtSQ45HKo=",
      "license": "MIT"
    },
    "node_modules/estree-walker": {
      "version": "2.0.2",
      "resolved": "http://registry.npm.xiaojukeji.com/estree-walker/download/estree-walker-2.0.2.tgz",
      "integrity": "sha1-UvAQF4wqTBF6d1fP6UKtt9LaTKw=",
      "license": "MIT"
    },
    "node_modules/magic-string": {
      "version": "0.25.8",
      "resolved": "http://registry.npm.xiaojukeji.com/magic-string/download/magic-string-0.25.8.tgz",
      "integrity": "sha1-nuhaq++lE1z42A6Wrcg7WVrixeA=",
      "license": "MIT",
      "dependencies": {
        "sourcemap-codec": "^1.4.8"
      }
    },
    "node_modules/moment": {
      "version": "2.29.1",
      "resolved": "http://registry.npm.xiaojukeji.com/moment/download/moment-2.29.1.tgz",
      "integrity": "sha1-sr52n6MZQL6e7qZGnAdeNQBvo9M=",
      "license": "MIT",
      "engines": {
        "node": "*"
      }
    },
    "node_modules/nanoid": {
      "version": "3.3.2",
      "resolved": "http://registry.npm.xiaojukeji.com/nanoid/download/nanoid-3.3.2.tgz",
      "integrity": "sha1-yJYi+vtDgc0iFCHGnsWFR6HuxVc=",
      "license": "MIT",
      "bin": {
        "nanoid": "bin/nanoid.cjs"
      },
      "engines": {
        "node": "^10 || ^12 || ^13.7 || ^14 || >=15.0.1"
      }
    },
    "node_modules/picocolors": {
      "version": "1.0.0",
      "resolved": "http://registry.npm.xiaojukeji.com/picocolors/download/picocolors-1.0.0.tgz",
      "integrity": "sha1-y1vcdP8/UYkiNur3nWi8RFZKuBw=",
      "license": "ISC"
    },
    "node_modules/postcss": {
      "version": "8.4.12",
      "resolved": "http://registry.npm.xiaojukeji.com/postcss/download/postcss-8.4.12.tgz",
      "integrity": "sha1-Hn3nhzOyiXD6R0P32m83Y2SLGQU=",
      "funding": [
        {
          "type": "opencollective",
          "url": "https://opencollective.com/postcss/"
        },
        {
          "type": "tidelift",
          "url": "https://tidelift.com/funding/github/npm/postcss"
        }
      ],
      "license": "MIT",
      "dependencies": {
        "nanoid": "^3.3.1",
        "picocolors": "^1.0.0",
        "source-map-js": "^1.0.2"
      },
      "engines": {
        "node": "^10 || ^12 || >=14"
      }
    },
    "node_modules/source-map": {
      "version": "0.6.1",
      "resolved": "http://registry.npm.xiaojukeji.com/source-map/download/source-map-0.6.1.tgz",
      "integrity": "sha1-dHIq8y6WFOnCh6jQu95IteLxomM=",
      "license": "BSD-3-Clause",
      "engines": {
        "node": ">=0.10.0"
      }
    },
    "node_modules/source-map-js": {
      "version": "1.0.2",
      "resolved": "http://registry.npm.xiaojukeji.com/source-map-js/download/source-map-js-1.0.2.tgz",
      "integrity": "sha1-rbw2HZxi3zgBJefxYfccgm8eSQw=",
      "license": "BSD-3-Clause",
      "engines": {
        "node": ">=0.10.0"
      }
    },
    "node_modules/sourcemap-codec": {
      "version": "1.4.8",
      "resolved": "http://registry.npm.xiaojukeji.com/sourcemap-codec/download/sourcemap-codec-1.4.8.tgz",
      "integrity": "sha1-6oBL2UhXQC5pktBaOO8a41qatMQ=",
      "license": "MIT"
    },
    "node_modules/vue": {
      "version": "3.2.31",
      "resolved": "http://registry.npm.xiaojukeji.com/vue/download/vue-3.2.31.tgz",
      "integrity": "sha1-4MSZJDNenxiDUoFniKTMoQ+BfOY=",
      "license": "MIT",
      "dependencies": {
        "@vue/compiler-dom": "3.2.31",
        "@vue/compiler-sfc": "3.2.31",
        "@vue/runtime-dom": "3.2.31",
        "@vue/server-renderer": "3.2.31",
        "@vue/shared": "3.2.31"
      }
    }
  },
  "dependencies": {
    "@babel/parser": {
      "version": "7.17.8",
      "resolved": "http://registry.npm.xiaojukeji.com/@babel/parser/download/@babel/parser-7.17.8.tgz",
      "integrity": "sha1-KBf7nYhd2BMuoPjrYVpjiMyhwkA="
    },
    "@dokit/web-utils": {
      "version": "file:../utils",
      "requires": {
        "@dokit/web-core": "file:../core"
      }
    },
    "@medv/finder": {
      "version": "1.1.3",
      "resolved": "http://registry.npm.xiaojukeji.com/@medv/finder/download/@medv/finder-1.1.3.tgz",
      "integrity": "sha1-AdkFEbPPFCAnbF+npcxKxf1+FSc=",
      "requires": {
        "cssesc": "^2.0.0"
      },
      "dependencies": {
        "cssesc": {
          "version": "2.0.0",
          "resolved": "http://registry.npm.xiaojukeji.com/cssesc/download/cssesc-2.0.0.tgz",
          "integrity": "sha1-OxO9G7HLNuG8taTc0n9UxdyzVwM="
        }
      }
    },
    "@vue/compiler-core": {
      "version": "3.2.31",
      "resolved": "http://registry.npm.xiaojukeji.com/@vue/compiler-core/download/@vue/compiler-core-3.2.31.tgz",
      "integrity": "sha1-048Gws+EV0JAO1I6tFlqP9oVLok=",
      "requires": {
        "@babel/parser": "^7.16.4",
        "@vue/shared": "3.2.31",
        "estree-walker": "^2.0.2",
        "source-map": "^0.6.1"
      }
    },
    "@vue/compiler-dom": {
      "version": "3.2.31",
      "resolved": "http://registry.npm.xiaojukeji.com/@vue/compiler-dom/download/@vue/compiler-dom-3.2.31.tgz",
      "integrity": "sha1-sbffrVXJbIzCuRnNfrX9fk3b8A4=",
      "requires": {
        "@vue/compiler-core": "3.2.31",
        "@vue/shared": "3.2.31"
      }
    },
    "@vue/compiler-sfc": {
      "version": "3.2.31",
      "resolved": "http://registry.npm.xiaojukeji.com/@vue/compiler-sfc/download/@vue/compiler-sfc-3.2.31.tgz",
      "integrity": "sha1-0Cspw/401ZmlLFrhxpN7TWnxHC8=",
      "requires": {
        "@babel/parser": "^7.16.4",
        "@vue/compiler-core": "3.2.31",
        "@vue/compiler-dom": "3.2.31",
        "@vue/compiler-ssr": "3.2.31",
        "@vue/reactivity-transform": "3.2.31",
        "@vue/shared": "3.2.31",
        "estree-walker": "^2.0.2",
        "magic-string": "^0.25.7",
        "postcss": "^8.1.10",
        "source-map": "^0.6.1"
      }
    },
    "@vue/compiler-ssr": {
      "version": "3.2.31",
      "resolved": "http://registry.npm.xiaojukeji.com/@vue/compiler-ssr/download/@vue/compiler-ssr-3.2.31.tgz",
      "integrity": "sha1-T6APSGycRYC0CkF3hx671lDsuZw=",
      "requires": {
        "@vue/compiler-dom": "3.2.31",
        "@vue/shared": "3.2.31"
      }
    },
    "@vue/reactivity": {
      "version": "3.2.31",
      "resolved": "http://registry.npm.xiaojukeji.com/@vue/reactivity/download/@vue/reactivity-3.2.31.tgz",
      "integrity": "sha1-/JCqLN9pVBi3nlNHg6ypDWOka70=",
      "requires": {
        "@vue/shared": "3.2.31"
      }
    },
    "@vue/reactivity-transform": {
      "version": "3.2.31",
      "resolved": "http://registry.npm.xiaojukeji.com/@vue/reactivity-transform/download/@vue/reactivity-transform-3.2.31.tgz",
      "integrity": "sha1-D1slwk5w7asrYT1TBcRltQ/ACRE=",
      "requires": {
        "@babel/parser": "^7.16.4",
        "@vue/compiler-core": "3.2.31",
        "@vue/shared": "3.2.31",
        "estree-walker": "^2.0.2",
        "magic-string": "^0.25.7"
      }
    },
    "@vue/runtime-core": {
      "version": "3.2.31",
      "resolved": "http://registry.npm.xiaojukeji.com/@vue/runtime-core/download/@vue/runtime-core-3.2.31.tgz",
      "integrity": "sha1-nShMOC9fmBt6e1lxBSodxO85rHo=",
      "requires": {
        "@vue/reactivity": "3.2.31",
        "@vue/shared": "3.2.31"
      }
    },
    "@vue/runtime-dom": {
      "version": "3.2.31",
      "resolved": "http://registry.npm.xiaojukeji.com/@vue/runtime-dom/download/@vue/runtime-dom-3.2.31.tgz",
      "integrity": "sha1-ec4BgXyzyvLJ2SP2abc40teVPv8=",
      "requires": {
        "@vue/runtime-core": "3.2.31",
        "@vue/shared": "3.2.31",
        "csstype": "^2.6.8"
      }
    },
    "@vue/server-renderer": {
      "version": "3.2.31",
      "resolved": "http://registry.npm.xiaojukeji.com/@vue/server-renderer/download/@vue/server-renderer-3.2.31.tgz",
      "integrity": "sha1-IB6dbOc1hH1ZiUA6+B74CWDacUE=",
      "requires": {
        "@vue/compiler-ssr": "3.2.31",
        "@vue/shared": "3.2.31"
      }
    },
    "@vue/shared": {
      "version": "3.2.31",
      "resolved": "http://registry.npm.xiaojukeji.com/@vue/shared/download/@vue/shared-3.2.31.tgz",
      "integrity": "sha1-yQ3nEm2DPc06THU01TS+L7Qfqk4="
    },
    "cssesc": {
      "version": "3.0.0",
      "resolved": "http://registry.npm.xiaojukeji.com/cssesc/download/cssesc-3.0.0.tgz",
      "integrity": "sha1-N3QZGZA7hoVl4cCep0dEXNGJg+4="
    },
    "csstype": {
      "version": "2.6.19",
      "resolved": "http://registry.npm.xiaojukeji.com/csstype/download/csstype-2.6.19.tgz",
      "integrity": "sha1-/utarokCC7OJ4fY2aaXtSQ45HKo="
    },
    "estree-walker": {
      "version": "2.0.2",
      "resolved": "http://registry.npm.xiaojukeji.com/estree-walker/download/estree-walker-2.0.2.tgz",
      "integrity": "sha1-UvAQF4wqTBF6d1fP6UKtt9LaTKw="
    },
    "magic-string": {
      "version": "0.25.8",
      "resolved": "http://registry.npm.xiaojukeji.com/magic-string/download/magic-string-0.25.8.tgz",
      "integrity": "sha1-nuhaq++lE1z42A6Wrcg7WVrixeA=",
      "requires": {
        "sourcemap-codec": "^1.4.8"
      }
    },
    "moment": {
      "version": "2.29.1",
      "resolved": "http://registry.npm.xiaojukeji.com/moment/download/moment-2.29.1.tgz",
      "integrity": "sha1-sr52n6MZQL6e7qZGnAdeNQBvo9M="
    },
    "nanoid": {
      "version": "3.3.2",
      "resolved": "http://registry.npm.xiaojukeji.com/nanoid/download/nanoid-3.3.2.tgz",
      "integrity": "sha1-yJYi+vtDgc0iFCHGnsWFR6HuxVc="
    },
    "picocolors": {
      "version": "1.0.0",
      "resolved": "http://registry.npm.xiaojukeji.com/picocolors/download/picocolors-1.0.0.tgz",
      "integrity": "sha1-y1vcdP8/UYkiNur3nWi8RFZKuBw="
    },
    "postcss": {
      "version": "8.4.12",
      "resolved": "http://registry.npm.xiaojukeji.com/postcss/download/postcss-8.4.12.tgz",
      "integrity": "sha1-Hn3nhzOyiXD6R0P32m83Y2SLGQU=",
      "requires": {
        "nanoid": "^3.3.1",
        "picocolors": "^1.0.0",
        "source-map-js": "^1.0.2"
      }
    },
    "source-map": {
      "version": "0.6.1",
      "resolved": "http://registry.npm.xiaojukeji.com/source-map/download/source-map-0.6.1.tgz",
      "integrity": "sha1-dHIq8y6WFOnCh6jQu95IteLxomM="
    },
    "source-map-js": {
      "version": "1.0.2",
      "resolved": "http://registry.npm.xiaojukeji.com/source-map-js/download/source-map-js-1.0.2.tgz",
      "integrity": "sha1-rbw2HZxi3zgBJefxYfccgm8eSQw="
    },
    "sourcemap-codec": {
      "version": "1.4.8",
      "resolved": "http://registry.npm.xiaojukeji.com/sourcemap-codec/download/sourcemap-codec-1.4.8.tgz",
      "integrity": "sha1-6oBL2UhXQC5pktBaOO8a41qatMQ="
    },
    "vue": {
      "version": "3.2.31",
      "resolved": "http://registry.npm.xiaojukeji.com/vue/download/vue-3.2.31.tgz",
      "integrity": "sha1-4MSZJDNenxiDUoFniKTMoQ+BfOY=",
      "requires": {
        "@vue/compiler-dom": "3.2.31",
        "@vue/compiler-sfc": "3.2.31",
        "@vue/runtime-dom": "3.2.31",
        "@vue/server-renderer": "3.2.31",
        "@vue/shared": "3.2.31"
      }
    }
  }
}
