PODS:
  - DoraemonKit/Common (3.1.2)
  - DoraemonKit/EventSynthesize (3.1.2):
    - DoraemonKit/Common
  - DoraemonKit/Hook (3.1.2):
    - DoraemonKit/Common

DEPENDENCIES:
  - DoraemonKit/EventSynthesize (from `..`)
  - DoraemonKit/Hook (from `..`)

EXTERNAL SOURCES:
  DoraemonKit:
    :path: ".."

SPEC CHECKSUMS:
  DoraemonKit: 1a8e6c8406213a887fd96705c9cd397b177887e2

PODFILE CHECKSUM: c3fb81830bea0d193ce89ec021d6016a61ac10b1

COCOAPODS: 1.11.2
