PODS:
  - AFNetworking (3.2.1):
    - AFNetworking/NSURLSession (= 3.2.1)
    - AFNetworking/Reachability (= 3.2.1)
    - AFNetworking/Security (= 3.2.1)
    - AFNetworking/Serialization (= 3.2.1)
    - AFNetworking/UIKit (= 3.2.1)
  - AFNetworking/NSURLSession (3.2.1):
    - AFNetworking/Reachability
    - AFNetworking/Security
    - AFNetworking/Serialization
  - AFNetworking/Reachability (3.2.1)
  - AFNetworking/Security (3.2.1)
  - AFNetworking/Serialization (3.2.1)
  - AFNetworking/UIKit (3.2.1):
    - AFNetworking/NSURLSession
  - DoraemonKit-Swift (0.0.1):
    - DoraemonKit-Swift/Core (= 0.0.1)
  - DoraemonKit-Swift/Core (0.0.1)

DEPENDENCIES:
  - AFNetworking
  - DoraemonKit-Swift (from `../../../`)

SPEC REPOS:
  https://github.com/CocoaPods/Specs.git:
    - AFNetworking

EXTERNAL SOURCES:
  DoraemonKit-Swift:
    :path: "../../../"

SPEC CHECKSUMS:
  AFNetworking: b6f891fdfaed196b46c7a83cf209e09697b94057
  DoraemonKit-Swift: 2360f49ae0c4ce1f9ad76925c2e88c47dd19e149

PODFILE CHECKSUM: 9e64b860476ec1c40ced29dec7bc70177f50ece3

COCOAPODS: 1.9.1
