PODS:
  - AFNetworking (3.2.1):
    - AFNetworking/NSURLSession (= 3.2.1)
    - AFNetworking/Reachability (= 3.2.1)
    - AFNetworking/Security (= 3.2.1)
    - AFNetworking/Serialization (= 3.2.1)
    - AFNetworking/UIKit (= 3.2.1)
  - AFNetworking/NSURLSession (3.2.1):
    - AFNetworking/Reachability
    - AFNetworking/Security
    - AFNetworking/Serialization
  - AFNetworking/Reachability (3.2.1)
  - AFNetworking/Security (3.2.1)
  - AFNetworking/Serialization (3.2.1)
  - AFNetworking/UIKit (3.2.1):
    - AFNetworking/NSURLSession
  - DoraemonKit-Swift (0.0.1):
    - DoraemonKit-Swift/Core (= 0.0.1)
    - fishhook
  - DoraemonKit-Swift/Core (0.0.1):
    - fishhook
  - fishhook (0.2)

DEPENDENCIES:
  - AFNetworking
  - DoraemonKit-Swift (from `../../../`)

SPEC REPOS:
  trunk:
    - AFNetworking
    - fishhook

EXTERNAL SOURCES:
  DoraemonKit-Swift:
    :path: "../../../"

SPEC CHECKSUMS:
  AFNetworking: b6f891fdfaed196b46c7a83cf209e09697b94057
  DoraemonKit-Swift: 1168d6710365beadba0be993d94062fa38186ccf
  fishhook: ea19933abfe8f2f52c55fd8b6e2718467d3ebc89

PODFILE CHECKSUM: fec5c4cfc4280179b4cb19138d8c02cdfc020d4c

COCOAPODS: 1.9.3
