PODS:
  - AFNetworking (2.6.3):
    - AFNetworking/NSURLConnection (= 2.6.3)
    - AFNetworking/NSURLSession (= 2.6.3)
    - AFNetworking/Reachability (= 2.6.3)
    - AFNetworking/Security (= 2.6.3)
    - AFNetworking/Serialization (= 2.6.3)
    - AFNetworking/UIKit (= 2.6.3)
  - AFNetworking/NSURLConnection (2.6.3):
    - AFNetworking/Reachability
    - AFNetworking/Security
    - AFNetworking/Serialization
  - AFNetworking/NSURLSession (2.6.3):
    - AFNetworking/Reachability
    - AFNetworking/Security
    - AFNetworking/Serialization
  - AFNetworking/Reachability (2.6.3)
  - AFNetworking/Security (2.6.3)
  - AFNetworking/Serialization (2.6.3)
  - AFNetworking/UIKit (2.6.3):
    - AFNetworking/NSURLConnection
    - AFNetworking/NSURLSession
  - BSBacktraceLogger (0.0.1)
  - CocoaLumberjack (3.5.3):
    - CocoaLumberjack/Core (= 3.5.3)
  - CocoaLumberjack/Core (3.5.3)
  - DoraemonKit/Core (1.2.3):
    - BSBacktraceLogger
    - fishhook
    - PNChart
  - DoraemonKit/WithDatabase (1.2.3):
    - BSBacktraceLogger
    - DoraemonKit/Core
    - fishhook
    - PNChart
    - YYDebugDatabase
  - DoraemonKit/WithGPS (1.2.3):
    - BSBacktraceLogger
    - DoraemonKit/Core
    - fishhook
    - PNChart
  - DoraemonKit/WithLoad (1.2.3):
    - BSBacktraceLogger
    - DoraemonKit/Core
    - fishhook
    - PNChart
  - DoraemonKit/WithLogger (1.2.3):
    - BSBacktraceLogger
    - CocoaLumberjack
    - DoraemonKit/Core
    - fishhook
    - PNChart
  - DoraemonKit/WithWeex (1.2.3):
    - BSBacktraceLogger
    - DoraemonKit/Core
    - fishhook
    - PNChart
    - WeexSDK
    - WXDevtool
  - fishhook (0.2)
  - FMDB (2.7.5):
    - FMDB/standard (= 2.7.5)
  - FMDB/standard (2.7.5)
  - GCDWebServer (3.5.2):
    - GCDWebServer/Core (= 3.5.2)
  - GCDWebServer/Core (3.5.2)
  - PNChart (0.8.9):
    - UICountingLabel (~> 1.2.0)
  - SDWebImage (5.0.6):
    - SDWebImage/Core (= 5.0.6)
  - SDWebImage/Core (5.0.6)
  - SocketRocket (0.5.1)
  - UICountingLabel (1.2.0)
  - WeexSDK (0.26.0)
  - WXDevtool (0.24.0):
    - SocketRocket
    - WeexSDK
  - YYDebugDatabase (2.0.4):
    - FMDB
    - GCDWebServer

DEPENDENCIES:
  - AFNetworking (= 2.6.3)
  - DoraemonKit/Core (from `../../`)
  - DoraemonKit/WithDatabase (from `../../`)
  - DoraemonKit/WithGPS (from `../../`)
  - DoraemonKit/WithLoad (from `../../`)
  - DoraemonKit/WithLogger (from `../../`)
  - DoraemonKit/WithWeex (from `../../`)
  - SDWebImage (= 5.0.6)

SPEC REPOS:
  https://github.com/cocoapods/specs.git:
    - AFNetworking
    - BSBacktraceLogger
    - CocoaLumberjack
    - fishhook
    - FMDB
    - GCDWebServer
    - PNChart
    - SDWebImage
    - SocketRocket
    - UICountingLabel
    - WeexSDK
    - WXDevtool
    - YYDebugDatabase

EXTERNAL SOURCES:
  DoraemonKit:
    :path: "../../"

SPEC CHECKSUMS:
  AFNetworking: cb8d14a848e831097108418f5d49217339d4eb60
  BSBacktraceLogger: 06b983ee93a9f87d957960e9c73d660d5966b447
  CocoaLumberjack: 2f44e60eb91c176d471fdba43b9e3eae6a721947
  DoraemonKit: c1e675735a94db6ca7ad6ffac256d6baddc00afb
  fishhook: ea19933abfe8f2f52c55fd8b6e2718467d3ebc89
  FMDB: 2ce00b547f966261cd18927a3ddb07cb6f3db82a
  GCDWebServer: ead88cd14596dd4eae4f5830b8877c87c8728990
  PNChart: 84774d225c2126ded6c93d4dbe6ae98c3a73c2d2
  SDWebImage: 920f1a2ff1ca8296ad34f6e0510a1ef1d70ac965
  SocketRocket: d57c7159b83c3c6655745cd15302aa24b6bae531
  UICountingLabel: 1db4e7d023e1762171eb226d6dff47a7a84f27aa
  WeexSDK: 55b67d1c411eb28ec1e356f763a335d0ddcc5324
  WXDevtool: 95b70c73c06fc3299d65bd53ba4b3e0b0087f3cb
  YYDebugDatabase: f67e8bc0913ac3dfff19cded6e115d1854690a3f

PODFILE CHECKSUM: bc58804d60cd842c8c84386ac172adf534685cd6

COCOAPODS: 1.7.5
